// !$*UTF8*$!
{
	archiveVersion = 1;
	classes = {
	};
	objectVersion = 56;
	objects = {

/* Begin PBXBuildFile section */
		A10000010000000000000001 /* QadbakApp.swift in Sources */ = {isa = PBXBuildFile; fileRef = A20000010000000000000001 /* QadbakApp.swift */; };
		A10000010000000000000002 /* AppState.swift in Sources */ = {isa = PBXBuildFile; fileRef = A20000010000000000000002 /* AppState.swift */; };
		A10000010000000000000003 /* APIModels.swift in Sources */ = {isa = PBXBuildFile; fileRef = A20000010000000000000003 /* APIModels.swift */; };
		A10000010000000000000004 /* KeychainStore.swift in Sources */ = {isa = PBXBuildFile; fileRef = A20000010000000000000004 /* KeychainStore.swift */; };
		A10000010000000000000005 /* APIClient.swift in Sources */ = {isa = PBXBuildFile; fileRef = A20000010000000000000005 /* APIClient.swift */; };
		A10000010000000000000006 /* QadbakAPI.swift in Sources */ = {isa = PBXBuildFile; fileRef = A20000010000000000000006 /* QadbakAPI.swift */; };
		A10000010000000000000007 /* RootView.swift in Sources */ = {isa = PBXBuildFile; fileRef = A20000010000000000000007 /* RootView.swift */; };
		A10000010000000000000008 /* LoginView.swift in Sources */ = {isa = PBXBuildFile; fileRef = A20000010000000000000008 /* LoginView.swift */; };
		A10000010000000000000009 /* DomainListView.swift in Sources */ = {isa = PBXBuildFile; fileRef = A20000010000000000000009 /* DomainListView.swift */; };
		A10000010000000000000010 /* DomainDetailView.swift in Sources */ = {isa = PBXBuildFile; fileRef = A20000010000000000000010 /* DomainDetailView.swift */; };
		A10000010000000000000011 /* DnsRecordsView.swift in Sources */ = {isa = PBXBuildFile; fileRef = A20000010000000000000011 /* DnsRecordsView.swift */; };
		A10000010000000000000012 /* MailAccountsView.swift in Sources */ = {isa = PBXBuildFile; fileRef = A20000010000000000000012 /* MailAccountsView.swift */; };
		A10000010000000000000013 /* SslCertificatesView.swift in Sources */ = {isa = PBXBuildFile; fileRef = A20000010000000000000013 /* SslCertificatesView.swift */; };
		A10000010000000000000014 /* BackupsView.swift in Sources */ = {isa = PBXBuildFile; fileRef = A20000010000000000000014 /* BackupsView.swift */; };
		A10000010000000000000015 /* Theme.swift in Sources */ = {isa = PBXBuildFile; fileRef = A20000010000000000000015 /* Theme.swift */; };
		A10000010000000000000016 /* Assets.xcassets in Resources */ = {isa = PBXBuildFile; fileRef = A20000010000000000000016 /* Assets.xcassets */; };
		A10000010000000000000017 /* PushNotificationService.swift in Sources */ = {isa = PBXBuildFile; fileRef = A20000010000000000000018 /* PushNotificationService.swift */; };
		A10000010000000000000018 /* WidgetSummaryStore.swift in Sources */ = {isa = PBXBuildFile; fileRef = A20000010000000000000019 /* WidgetSummaryStore.swift */; };
		A10000010000000000000019 /* FilesBrowserView.swift in Sources */ = {isa = PBXBuildFile; fileRef = A20000010000000000000020 /* FilesBrowserView.swift */; };
		A10000010000000000000020 /* QmailView.swift in Sources */ = {isa = PBXBuildFile; fileRef = A20000010000000000000021 /* QmailView.swift */; };
		A10000010000000000000029 /* QmailViewModel.swift in Sources */ = {isa = PBXBuildFile; fileRef = A20000010000000000000031 /* QmailViewModel.swift */; };
		A10000010000000000000030 /* QmailComponents.swift in Sources */ = {isa = PBXBuildFile; fileRef = A20000010000000000000032 /* QmailComponents.swift */; };
		A10000010000000000000021 /* WebsiteHealthView.swift in Sources */ = {isa = PBXBuildFile; fileRef = A20000010000000000000023 /* WebsiteHealthView.swift */; };
		A10000010000000000000022 /* BiometricGate.swift in Sources */ = {isa = PBXBuildFile; fileRef = A20000010000000000000024 /* BiometricGate.swift */; };
		A10000010000000000000023 /* LiveActivityManager.swift in Sources */ = {isa = PBXBuildFile; fileRef = A20000010000000000000025 /* LiveActivityManager.swift */; };
		A10000010000000000000024 /* LiveLogsView.swift in Sources */ = {isa = PBXBuildFile; fileRef = A20000010000000000000026 /* LiveLogsView.swift */; };
		A10000010000000000000025 /* AppLockView.swift in Sources */ = {isa = PBXBuildFile; fileRef = A20000010000000000000027 /* AppLockView.swift */; };
		A10000010000000000000026 /* ManagedServer.swift in Sources */ = {isa = PBXBuildFile; fileRef = A20000010000000000000028 /* ManagedServer.swift */; };
		A10000010000000000000027 /* ServerSwitcherView.swift in Sources */ = {isa = PBXBuildFile; fileRef = A20000010000000000000029 /* ServerSwitcherView.swift */; };
		A10000010000000000000028 /* MailReplyHelpers.swift in Sources */ = {isa = PBXBuildFile; fileRef = A20000010000000000000030 /* MailReplyHelpers.swift */; };
		A10000010000000000000034 /* PrivacyInfo.xcprivacy in Resources */ = {isa = PBXBuildFile; fileRef = A20000010000000000000034 /* PrivacyInfo.xcprivacy */; };
		A10000010000000000000035 /* AddDomainView.swift in Sources */ = {isa = PBXBuildFile; fileRef = A20000010000000000000035 /* AddDomainView.swift */; };
		A10000010000000000000036 /* PanelUpdatesView.swift in Sources */ = {isa = PBXBuildFile; fileRef = A20000010000000000000036 /* PanelUpdatesView.swift */; };
		A10000010000000000000037 /* DomainTerminalView.swift in Sources */ = {isa = PBXBuildFile; fileRef = A20000010000000000000037 /* DomainTerminalView.swift */; };
		A10000010000000000000038 /* TerminalWebView.swift in Sources */ = {isa = PBXBuildFile; fileRef = A20000010000000000000038 /* TerminalWebView.swift */; };
		A10000010000000000000039 /* TermuxExtraKeysView.swift in Sources */ = {isa = PBXBuildFile; fileRef = A20000010000000000000039 /* TermuxExtraKeysView.swift */; };
		A10000010000000000000040 /* terminal.html in Resources */ = {isa = PBXBuildFile; fileRef = A20000010000000000000040 /* terminal.html */; };
		A10000010000000000000044 /* xterm.min.js in Resources */ = {isa = PBXBuildFile; fileRef = A20000010000000000000044 /* xterm.min.js */; };
		A10000010000000000000045 /* addon-fit.min.js in Resources */ = {isa = PBXBuildFile; fileRef = A20000010000000000000045 /* addon-fit.min.js */; };
		A10000010000000000000046 /* xterm.css in Resources */ = {isa = PBXBuildFile; fileRef = A20000010000000000000046 /* xterm.css */; };
		A10000010000000000000041 /* BackupICloudService.swift in Sources */ = {isa = PBXBuildFile; fileRef = A20000010000000000000041 /* BackupICloudService.swift */; };
		A10000010000000000000042 /* BackupICloudSettings.swift in Sources */ = {isa = PBXBuildFile; fileRef = A20000010000000000000042 /* BackupICloudSettings.swift */; };
		A10000010000000000000043 /* BackupNetworkPolicy.swift in Sources */ = {isa = PBXBuildFile; fileRef = A20000010000000000000043 /* BackupNetworkPolicy.swift */; };
		A10000010000000000000047 /* DomainAppsView.swift in Sources */ = {isa = PBXBuildFile; fileRef = A20000010000000000000047 /* DomainAppsView.swift */; };
		A10000010000000000000048 /* AdminAppStoreView.swift in Sources */ = {isa = PBXBuildFile; fileRef = A20000010000000000000048 /* AdminAppStoreView.swift */; };
		A10000010000000000000049 /* AddMailAccountView.swift in Sources */ = {isa = PBXBuildFile; fileRef = A20000010000000000000049 /* AddMailAccountView.swift */; };
		A10000010000000000000050 /* DatabasesView.swift in Sources */ = {isa = PBXBuildFile; fileRef = A20000010000000000000050 /* DatabasesView.swift */; };
		A10000010000000000000051 /* AliasesView.swift in Sources */ = {isa = PBXBuildFile; fileRef = A20000010000000000000051 /* AliasesView.swift */; };
		A10000010000000000000052 /* RedirectsView.swift in Sources */ = {isa = PBXBuildFile; fileRef = A20000010000000000000052 /* RedirectsView.swift */; };
		A10000010000000000000053 /* AdminHealthView.swift in Sources */ = {isa = PBXBuildFile; fileRef = A20000010000000000000053 /* AdminHealthView.swift */; };
		A10000010000000000000054 /* SettingsView.swift in Sources */ = {isa = PBXBuildFile; fileRef = A20000010000000000000054 /* SettingsView.swift */; };
		A10000010000000000000055 /* CronJobsView.swift in Sources */ = {isa = PBXBuildFile; fileRef = A20000010000000000000055 /* CronJobsView.swift */; };
		A10000010000000000000056 /* FtpAccountsView.swift in Sources */ = {isa = PBXBuildFile; fileRef = A20000010000000000000056 /* FtpAccountsView.swift */; };
		A10000010000000000000057 /* ServerManagementModels.swift in Sources */ = {isa = PBXBuildFile; fileRef = A20000010000000000000057 /* ServerManagementModels.swift */; };
		A10000010000000000000058 /* ServerManagementProvider.swift in Sources */ = {isa = PBXBuildFile; fileRef = A20000010000000000000058 /* ServerManagementProvider.swift */; };
		A10000010000000000000059 /* QadbakPanelProvider.swift in Sources */ = {isa = PBXBuildFile; fileRef = A20000010000000000000059 /* QadbakPanelProvider.swift */; };
		A10000010000000000000060 /* QadbakAgentProvider.swift in Sources */ = {isa = PBXBuildFile; fileRef = A20000010000000000000060 /* QadbakAgentProvider.swift */; };
		A10000010000000000000061 /* ServerProviderFactory.swift in Sources */ = {isa = PBXBuildFile; fileRef = A20000010000000000000061 /* ServerProviderFactory.swift */; };
		A10000010000000000000062 /* ServerBadgeView.swift in Sources */ = {isa = PBXBuildFile; fileRef = A20000010000000000000062 /* ServerBadgeView.swift */; };
		A10000010000000000000063 /* AddServerChoiceView.swift in Sources */ = {isa = PBXBuildFile; fileRef = A20000010000000000000063 /* AddServerChoiceView.swift */; };
		A10000010000000000000064 /* AgentServerPlaceholderView.swift in Sources */ = {isa = PBXBuildFile; fileRef = A20000010000000000000064 /* AgentServerPlaceholderView.swift */; };
		A10000010000000000000065 /* AgentAPIModels.swift in Sources */ = {isa = PBXBuildFile; fileRef = A20000010000000000000065 /* AgentAPIModels.swift */; };
		A10000010000000000000066 /* AgentAPIClient.swift in Sources */ = {isa = PBXBuildFile; fileRef = A20000010000000000000066 /* AgentAPIClient.swift */; };
		A10000010000000000000067 /* SSHSessionService.swift in Sources */ = {isa = PBXBuildFile; fileRef = A20000010000000000000067 /* SSHSessionService.swift */; };
		A10000010000000000000068 /* AgentInstallService.swift in Sources */ = {isa = PBXBuildFile; fileRef = A20000010000000000000068 /* AgentInstallService.swift */; };
		A10000010000000000000069 /* LinuxServerOnboardingView.swift in Sources */ = {isa = PBXBuildFile; fileRef = A20000010000000000000069 /* LinuxServerOnboardingView.swift */; };
		A10000010000000000000070 /* AgentServerDashboardView.swift in Sources */ = {isa = PBXBuildFile; fileRef = A20000010000000000000070 /* AgentServerDashboardView.swift */; };
		A10000010000000000000073 /* AgentServicesView.swift in Sources */ = {isa = PBXBuildFile; fileRef = A20000010000000000000073 /* AgentServicesView.swift */; };
		A10000010000000000000074 /* AgentDockerView.swift in Sources */ = {isa = PBXBuildFile; fileRef = A20000010000000000000074 /* AgentDockerView.swift */; };
		A10000010000000000000075 /* AgentLogsView.swift in Sources */ = {isa = PBXBuildFile; fileRef = A20000010000000000000075 /* AgentLogsView.swift */; };
		A10000010000000000000076 /* AgentConfirmedAction.swift in Sources */ = {isa = PBXBuildFile; fileRef = A20000010000000000000076 /* AgentConfirmedAction.swift */; };
		A10000010000000000000077 /* AgentServerControlView.swift in Sources */ = {isa = PBXBuildFile; fileRef = A20000010000000000000077 /* AgentServerControlView.swift */; };
		A10000010000000000000071 /* qadbak-agent-linux-amd64 in Resources */ = {isa = PBXBuildFile; fileRef = A20000010000000000000071 /* qadbak-agent-linux-amd64 */; };
		A10000010000000000000072 /* qadbak-agent-linux-arm64 in Resources */ = {isa = PBXBuildFile; fileRef = A20000010000000000000072 /* qadbak-agent-linux-arm64 */; };
		B10000010000000000000001 /* QadbakWidget.swift in Sources */ = {isa = PBXBuildFile; fileRef = B20000010000000000000001 /* QadbakWidget.swift */; };
		B10000010000000000000002 /* QadbakWidgetBundle.swift in Sources */ = {isa = PBXBuildFile; fileRef = B20000010000000000000002 /* QadbakWidgetBundle.swift */; };
		B10000010000000000000004 /* QadbakLiveActivity.swift in Sources */ = {isa = PBXBuildFile; fileRef = B20000010000000000000005 /* QadbakLiveActivity.swift */; };
		B10000010000000000000005 /* PrivacyInfo.xcprivacy in Resources */ = {isa = PBXBuildFile; fileRef = B20000010000000000000006 /* PrivacyInfo.xcprivacy */; };
		B10000010000000000000003 /* QadbakWidgetExtension.appex in Embed Foundation Extensions */ = {isa = PBXBuildFile; fileRef = B30000010000000000000001 /* QadbakWidgetExtension.appex */; settings = {ATTRIBUTES = (RemoveHeadersOnCopy, ); }; };
/* End PBXBuildFile section */

/* Begin PBXFileReference section */
		A20000010000000000000001 /* QadbakApp.swift */ = {isa = PBXFileReference; lastKnownFileType = sourcecode.swift; path = QadbakApp.swift; sourceTree = "<group>"; };
		A20000010000000000000002 /* AppState.swift */ = {isa = PBXFileReference; lastKnownFileType = sourcecode.swift; path = AppState.swift; sourceTree = "<group>"; };
		A20000010000000000000003 /* APIModels.swift */ = {isa = PBXFileReference; lastKnownFileType = sourcecode.swift; path = APIModels.swift; sourceTree = "<group>"; };
		A20000010000000000000004 /* KeychainStore.swift */ = {isa = PBXFileReference; lastKnownFileType = sourcecode.swift; path = KeychainStore.swift; sourceTree = "<group>"; };
		A20000010000000000000005 /* APIClient.swift */ = {isa = PBXFileReference; lastKnownFileType = sourcecode.swift; path = APIClient.swift; sourceTree = "<group>"; };
		A20000010000000000000006 /* QadbakAPI.swift */ = {isa = PBXFileReference; lastKnownFileType = sourcecode.swift; path = QadbakAPI.swift; sourceTree = "<group>"; };
		A20000010000000000000007 /* RootView.swift */ = {isa = PBXFileReference; lastKnownFileType = sourcecode.swift; path = RootView.swift; sourceTree = "<group>"; };
		A20000010000000000000008 /* LoginView.swift */ = {isa = PBXFileReference; lastKnownFileType = sourcecode.swift; path = LoginView.swift; sourceTree = "<group>"; };
		A20000010000000000000009 /* DomainListView.swift */ = {isa = PBXFileReference; lastKnownFileType = sourcecode.swift; path = DomainListView.swift; sourceTree = "<group>"; };
		A20000010000000000000010 /* DomainDetailView.swift */ = {isa = PBXFileReference; lastKnownFileType = sourcecode.swift; path = DomainDetailView.swift; sourceTree = "<group>"; };
		A20000010000000000000011 /* DnsRecordsView.swift */ = {isa = PBXFileReference; lastKnownFileType = sourcecode.swift; path = DnsRecordsView.swift; sourceTree = "<group>"; };
		A20000010000000000000012 /* MailAccountsView.swift */ = {isa = PBXFileReference; lastKnownFileType = sourcecode.swift; path = MailAccountsView.swift; sourceTree = "<group>"; };
		A20000010000000000000013 /* SslCertificatesView.swift */ = {isa = PBXFileReference; lastKnownFileType = sourcecode.swift; path = SslCertificatesView.swift; sourceTree = "<group>"; };
		A20000010000000000000014 /* BackupsView.swift */ = {isa = PBXFileReference; lastKnownFileType = sourcecode.swift; path = BackupsView.swift; sourceTree = "<group>"; };
		A20000010000000000000015 /* Theme.swift */ = {isa = PBXFileReference; lastKnownFileType = sourcecode.swift; path = Theme.swift; sourceTree = "<group>"; };
		A20000010000000000000016 /* Assets.xcassets */ = {isa = PBXFileReference; lastKnownFileType = folder.assetcatalog; path = Assets.xcassets; sourceTree = "<group>"; };
		A20000010000000000000017 /* Info.plist */ = {isa = PBXFileReference; lastKnownFileType = text.plist.xml; path = Info.plist; sourceTree = "<group>"; };
		A20000010000000000000018 /* PushNotificationService.swift */ = {isa = PBXFileReference; lastKnownFileType = sourcecode.swift; path = PushNotificationService.swift; sourceTree = "<group>"; };
		A20000010000000000000019 /* WidgetSummaryStore.swift */ = {isa = PBXFileReference; lastKnownFileType = sourcecode.swift; path = WidgetSummaryStore.swift; sourceTree = "<group>"; };
		A20000010000000000000020 /* FilesBrowserView.swift */ = {isa = PBXFileReference; lastKnownFileType = sourcecode.swift; path = FilesBrowserView.swift; sourceTree = "<group>"; };
		A20000010000000000000021 /* QmailView.swift */ = {isa = PBXFileReference; lastKnownFileType = sourcecode.swift; path = QmailView.swift; sourceTree = "<group>"; };
		A20000010000000000000031 /* QmailViewModel.swift */ = {isa = PBXFileReference; lastKnownFileType = sourcecode.swift; path = QmailViewModel.swift; sourceTree = "<group>"; };
		A20000010000000000000032 /* QmailComponents.swift */ = {isa = PBXFileReference; lastKnownFileType = sourcecode.swift; path = QmailComponents.swift; sourceTree = "<group>"; };
		A20000010000000000000023 /* WebsiteHealthView.swift */ = {isa = PBXFileReference; lastKnownFileType = sourcecode.swift; path = WebsiteHealthView.swift; sourceTree = "<group>"; };
		A20000010000000000000024 /* BiometricGate.swift */ = {isa = PBXFileReference; lastKnownFileType = sourcecode.swift; path = BiometricGate.swift; sourceTree = "<group>"; };
		A20000010000000000000025 /* LiveActivityManager.swift */ = {isa = PBXFileReference; lastKnownFileType = sourcecode.swift; path = LiveActivityManager.swift; sourceTree = "<group>"; };
		A20000010000000000000026 /* LiveLogsView.swift */ = {isa = PBXFileReference; lastKnownFileType = sourcecode.swift; path = LiveLogsView.swift; sourceTree = "<group>"; };
		A20000010000000000000027 /* AppLockView.swift */ = {isa = PBXFileReference; lastKnownFileType = sourcecode.swift; path = AppLockView.swift; sourceTree = "<group>"; };
		A20000010000000000000028 /* ManagedServer.swift */ = {isa = PBXFileReference; lastKnownFileType = sourcecode.swift; path = ManagedServer.swift; sourceTree = "<group>"; };
		A20000010000000000000029 /* ServerSwitcherView.swift */ = {isa = PBXFileReference; lastKnownFileType = sourcecode.swift; path = ServerSwitcherView.swift; sourceTree = "<group>"; };
		A20000010000000000000030 /* MailReplyHelpers.swift */ = {isa = PBXFileReference; lastKnownFileType = sourcecode.swift; path = MailReplyHelpers.swift; sourceTree = "<group>"; };
		A20000010000000000000022 /* Qadbak.entitlements */ = {isa = PBXFileReference; lastKnownFileType = text.plist.entitlements; path = Qadbak.entitlements; sourceTree = "<group>"; };
		A20000010000000000000034 /* PrivacyInfo.xcprivacy */ = {isa = PBXFileReference; lastKnownFileType = text.xml; path = PrivacyInfo.xcprivacy; sourceTree = "<group>"; };
		A20000010000000000000035 /* AddDomainView.swift */ = {isa = PBXFileReference; lastKnownFileType = sourcecode.swift; path = AddDomainView.swift; sourceTree = "<group>"; };
		A20000010000000000000036 /* PanelUpdatesView.swift */ = {isa = PBXFileReference; lastKnownFileType = sourcecode.swift; path = PanelUpdatesView.swift; sourceTree = "<group>"; };
		A20000010000000000000037 /* DomainTerminalView.swift */ = {isa = PBXFileReference; lastKnownFileType = sourcecode.swift; path = DomainTerminalView.swift; sourceTree = "<group>"; };
		A20000010000000000000038 /* TerminalWebView.swift */ = {isa = PBXFileReference; lastKnownFileType = sourcecode.swift; path = TerminalWebView.swift; sourceTree = "<group>"; };
		A20000010000000000000039 /* TermuxExtraKeysView.swift */ = {isa = PBXFileReference; lastKnownFileType = sourcecode.swift; path = TermuxExtraKeysView.swift; sourceTree = "<group>"; };
		A20000010000000000000040 /* terminal.html */ = {isa = PBXFileReference; lastKnownFileType = text.html; path = terminal.html; sourceTree = "<group>"; };
		A20000010000000000000044 /* xterm.min.js */ = {isa = PBXFileReference; lastKnownFileType = sourcecode.javascript; path = xterm.min.js; sourceTree = "<group>"; };
		A20000010000000000000045 /* addon-fit.min.js */ = {isa = PBXFileReference; lastKnownFileType = sourcecode.javascript; path = addon-fit.min.js; sourceTree = "<group>"; };
		A20000010000000000000046 /* xterm.css */ = {isa = PBXFileReference; lastKnownFileType = text.css; path = xterm.css; sourceTree = "<group>"; };
		A20000010000000000000041 /* BackupICloudService.swift */ = {isa = PBXFileReference; lastKnownFileType = sourcecode.swift; path = BackupICloudService.swift; sourceTree = "<group>"; };
		A20000010000000000000042 /* BackupICloudSettings.swift */ = {isa = PBXFileReference; lastKnownFileType = sourcecode.swift; path = BackupICloudSettings.swift; sourceTree = "<group>"; };
		A20000010000000000000043 /* BackupNetworkPolicy.swift */ = {isa = PBXFileReference; lastKnownFileType = sourcecode.swift; path = BackupNetworkPolicy.swift; sourceTree = "<group>"; };
		A20000010000000000000047 /* DomainAppsView.swift */ = {isa = PBXFileReference; lastKnownFileType = sourcecode.swift; path = DomainAppsView.swift; sourceTree = "<group>"; };
		A20000010000000000000048 /* AdminAppStoreView.swift */ = {isa = PBXFileReference; lastKnownFileType = sourcecode.swift; path = AdminAppStoreView.swift; sourceTree = "<group>"; };
		A20000010000000000000049 /* AddMailAccountView.swift */ = {isa = PBXFileReference; lastKnownFileType = sourcecode.swift; path = AddMailAccountView.swift; sourceTree = "<group>"; };
		A20000010000000000000050 /* DatabasesView.swift */ = {isa = PBXFileReference; lastKnownFileType = sourcecode.swift; path = DatabasesView.swift; sourceTree = "<group>"; };
		A20000010000000000000051 /* AliasesView.swift */ = {isa = PBXFileReference; lastKnownFileType = sourcecode.swift; path = AliasesView.swift; sourceTree = "<group>"; };
		A20000010000000000000052 /* RedirectsView.swift */ = {isa = PBXFileReference; lastKnownFileType = sourcecode.swift; path = RedirectsView.swift; sourceTree = "<group>"; };
		A20000010000000000000053 /* AdminHealthView.swift */ = {isa = PBXFileReference; lastKnownFileType = sourcecode.swift; path = AdminHealthView.swift; sourceTree = "<group>"; };
		A20000010000000000000054 /* SettingsView.swift */ = {isa = PBXFileReference; lastKnownFileType = sourcecode.swift; path = SettingsView.swift; sourceTree = "<group>"; };
		A20000010000000000000055 /* CronJobsView.swift */ = {isa = PBXFileReference; lastKnownFileType = sourcecode.swift; path = CronJobsView.swift; sourceTree = "<group>"; };
		A20000010000000000000056 /* FtpAccountsView.swift */ = {isa = PBXFileReference; lastKnownFileType = sourcecode.swift; path = FtpAccountsView.swift; sourceTree = "<group>"; };
		A20000010000000000000057 /* ServerManagementModels.swift */ = {isa = PBXFileReference; lastKnownFileType = sourcecode.swift; path = ServerManagementModels.swift; sourceTree = "<group>"; };
		A20000010000000000000058 /* ServerManagementProvider.swift */ = {isa = PBXFileReference; lastKnownFileType = sourcecode.swift; path = ServerManagementProvider.swift; sourceTree = "<group>"; };
		A20000010000000000000059 /* QadbakPanelProvider.swift */ = {isa = PBXFileReference; lastKnownFileType = sourcecode.swift; path = QadbakPanelProvider.swift; sourceTree = "<group>"; };
		A20000010000000000000060 /* QadbakAgentProvider.swift */ = {isa = PBXFileReference; lastKnownFileType = sourcecode.swift; path = QadbakAgentProvider.swift; sourceTree = "<group>"; };
		A20000010000000000000061 /* ServerProviderFactory.swift */ = {isa = PBXFileReference; lastKnownFileType = sourcecode.swift; path = ServerProviderFactory.swift; sourceTree = "<group>"; };
		A20000010000000000000062 /* ServerBadgeView.swift */ = {isa = PBXFileReference; lastKnownFileType = sourcecode.swift; path = ServerBadgeView.swift; sourceTree = "<group>"; };
		A20000010000000000000063 /* AddServerChoiceView.swift */ = {isa = PBXFileReference; lastKnownFileType = sourcecode.swift; path = AddServerChoiceView.swift; sourceTree = "<group>"; };
		A20000010000000000000064 /* AgentServerPlaceholderView.swift */ = {isa = PBXFileReference; lastKnownFileType = sourcecode.swift; path = AgentServerPlaceholderView.swift; sourceTree = "<group>"; };
		A20000010000000000000065 /* AgentAPIModels.swift */ = {isa = PBXFileReference; lastKnownFileType = sourcecode.swift; path = AgentAPIModels.swift; sourceTree = "<group>"; };
		A20000010000000000000066 /* AgentAPIClient.swift */ = {isa = PBXFileReference; lastKnownFileType = sourcecode.swift; path = AgentAPIClient.swift; sourceTree = "<group>"; };
		A20000010000000000000067 /* SSHSessionService.swift */ = {isa = PBXFileReference; lastKnownFileType = sourcecode.swift; path = SSHSessionService.swift; sourceTree = "<group>"; };
		A20000010000000000000068 /* AgentInstallService.swift */ = {isa = PBXFileReference; lastKnownFileType = sourcecode.swift; path = AgentInstallService.swift; sourceTree = "<group>"; };
		A20000010000000000000069 /* LinuxServerOnboardingView.swift */ = {isa = PBXFileReference; lastKnownFileType = sourcecode.swift; path = LinuxServerOnboardingView.swift; sourceTree = "<group>"; };
		A20000010000000000000070 /* AgentServerDashboardView.swift */ = {isa = PBXFileReference; lastKnownFileType = sourcecode.swift; path = AgentServerDashboardView.swift; sourceTree = "<group>"; };
		A20000010000000000000073 /* AgentServicesView.swift */ = {isa = PBXFileReference; lastKnownFileType = sourcecode.swift; path = AgentServicesView.swift; sourceTree = "<group>"; };
		A20000010000000000000074 /* AgentDockerView.swift */ = {isa = PBXFileReference; lastKnownFileType = sourcecode.swift; path = AgentDockerView.swift; sourceTree = "<group>"; };
		A20000010000000000000075 /* AgentLogsView.swift */ = {isa = PBXFileReference; lastKnownFileType = sourcecode.swift; path = AgentLogsView.swift; sourceTree = "<group>"; };
		A20000010000000000000076 /* AgentConfirmedAction.swift */ = {isa = PBXFileReference; lastKnownFileType = sourcecode.swift; path = AgentConfirmedAction.swift; sourceTree = "<group>"; };
		A20000010000000000000077 /* AgentServerControlView.swift */ = {isa = PBXFileReference; lastKnownFileType = sourcecode.swift; path = AgentServerControlView.swift; sourceTree = "<group>"; };
		A20000010000000000000071 /* qadbak-agent-linux-amd64 */ = {isa = PBXFileReference; lastKnownFileType = "compiled.mach-o.executable"; path = "qadbak-agent-linux-amd64"; sourceTree = "<group>"; };
		A20000010000000000000072 /* qadbak-agent-linux-arm64 */ = {isa = PBXFileReference; lastKnownFileType = "compiled.mach-o.executable"; path = "qadbak-agent-linux-arm64"; sourceTree = "<group>"; };
		B20000010000000000000001 /* QadbakWidget.swift */ = {isa = PBXFileReference; lastKnownFileType = sourcecode.swift; path = QadbakWidget.swift; sourceTree = "<group>"; };
		B20000010000000000000002 /* QadbakWidgetBundle.swift */ = {isa = PBXFileReference; lastKnownFileType = sourcecode.swift; path = QadbakWidgetBundle.swift; sourceTree = "<group>"; };
		B20000010000000000000005 /* QadbakLiveActivity.swift */ = {isa = PBXFileReference; lastKnownFileType = sourcecode.swift; path = QadbakLiveActivity.swift; sourceTree = "<group>"; };
		B20000010000000000000003 /* Info.plist */ = {isa = PBXFileReference; lastKnownFileType = text.plist.xml; path = Info.plist; sourceTree = "<group>"; };
		B20000010000000000000004 /* QadbakWidget.entitlements */ = {isa = PBXFileReference; lastKnownFileType = text.plist.entitlements; path = QadbakWidget.entitlements; sourceTree = "<group>"; };
		B20000010000000000000006 /* PrivacyInfo.xcprivacy */ = {isa = PBXFileReference; lastKnownFileType = text.xml; path = PrivacyInfo.xcprivacy; sourceTree = "<group>"; };
		B30000010000000000000001 /* QadbakWidgetExtension.appex */ = {isa = PBXFileReference; explicitFileType = "wrapper.app-extension"; includeInIndex = 0; path = QadbakWidgetExtension.appex; sourceTree = BUILT_PRODUCTS_DIR; };
		A30000010000000000000001 /* Qadbak.app */ = {isa = PBXFileReference; explicitFileType = wrapper.application; includeInIndex = 0; path = Qadbak.app; sourceTree = BUILT_PRODUCTS_DIR; };
/* End PBXFileReference section */

/* Begin PBXContainerItemProxy section */
		B40000010000000000000001 /* PBXContainerItemProxy */ = {
			isa = PBXContainerItemProxy;
			containerPortal = A70000010000000000000001 /* Project object */;
			proxyType = 1;
			remoteGlobalIDString = B60000010000000000000001;
			remoteInfo = QadbakWidgetExtension;
		};
/* End PBXContainerItemProxy section */

/* Begin PBXCopyFilesBuildPhase section */
		B50000010000000000000001 /* Embed Foundation Extensions */ = {
			isa = PBXCopyFilesBuildPhase;
			buildActionMask = 2147483647;
			dstPath = "";
			dstSubfolderSpec = 13;
			files = (
				B10000010000000000000003 /* QadbakWidgetExtension.appex in Embed Foundation Extensions */,
			);
			name = "Embed Foundation Extensions";
			runOnlyForDeploymentPostprocessing = 0;
		};
/* End PBXCopyFilesBuildPhase section */

/* Begin PBXFrameworksBuildPhase section */
		A40000010000000000000001 /* Frameworks */ = {
			isa = PBXFrameworksBuildPhase;
			buildActionMask = 2147483647;
			files = (
			);
			runOnlyForDeploymentPostprocessing = 0;
		};
/* End PBXFrameworksBuildPhase section */

/* Begin PBXGroup section */
		A50000010000000000000001 = {
			isa = PBXGroup;
			children = (
				A50000010000000000000002 /* Qadbak */,
				B50000010000000000000002 /* QadbakWidget */,
				A50000010000000000000003 /* Products */,
			);
			sourceTree = "<group>";
		};
		A50000010000000000000002 /* Qadbak */ = {
			isa = PBXGroup;
			children = (
				A20000010000000000000001 /* QadbakApp.swift */,
				A50000010000000000000004 /* App */,
				A50000010000000000000005 /* Models */,
				A50000010000000000000006 /* Services */,
				A50000010000000000000007 /* Views */,
				A50000010000000000000008 /* Utilities */,
				A20000010000000000000016 /* Assets.xcassets */,
				A20000010000000000000017 /* Info.plist */,
				A20000010000000000000022 /* Qadbak.entitlements */,
				A20000010000000000000034 /* PrivacyInfo.xcprivacy */,
				A50000010000000000000012 /* Resources */,
			);
			path = Qadbak;
			sourceTree = "<group>";
		};
		B50000010000000000000002 /* QadbakWidget */ = {
			isa = PBXGroup;
			children = (
				B20000010000000000000001 /* QadbakWidget.swift */,
				B20000010000000000000005 /* QadbakLiveActivity.swift */,
				B20000010000000000000002 /* QadbakWidgetBundle.swift */,
				B20000010000000000000003 /* Info.plist */,
				B20000010000000000000004 /* QadbakWidget.entitlements */,
				B20000010000000000000006 /* PrivacyInfo.xcprivacy */,
			);
			path = QadbakWidget;
			sourceTree = "<group>";
		};
		A50000010000000000000003 /* Products */ = {
			isa = PBXGroup;
			children = (
				A30000010000000000000001 /* Qadbak.app */,
				B30000010000000000000001 /* QadbakWidgetExtension.appex */,
			);
			name = Products;
			sourceTree = "<group>";
		};
		A50000010000000000000004 /* App */ = {
			isa = PBXGroup;
			children = (
				A20000010000000000000002 /* AppState.swift */,
			);
			path = App;
			sourceTree = "<group>";
		};
		A50000010000000000000005 /* Models */ = {
			isa = PBXGroup;
			children = (
				A20000010000000000000003 /* APIModels.swift */,
				A20000010000000000000028 /* ManagedServer.swift */,
				A20000010000000000000057 /* ServerManagementModels.swift */,
				A20000010000000000000065 /* AgentAPIModels.swift */,
			);
			path = Models;
			sourceTree = "<group>";
		};
		A50000010000000000000014 /* Providers */ = {
			isa = PBXGroup;
			children = (
				A20000010000000000000058 /* ServerManagementProvider.swift */,
				A20000010000000000000059 /* QadbakPanelProvider.swift */,
				A20000010000000000000060 /* QadbakAgentProvider.swift */,
				A20000010000000000000061 /* ServerProviderFactory.swift */,
			);
			path = Providers;
			sourceTree = "<group>";
		};
		A50000010000000000000006 /* Services */ = {
			isa = PBXGroup;
			children = (
				A20000010000000000000004 /* KeychainStore.swift */,
				A20000010000000000000005 /* APIClient.swift */,
				A20000010000000000000006 /* QadbakAPI.swift */,
				A20000010000000000000066 /* AgentAPIClient.swift */,
				A20000010000000000000067 /* SSHSessionService.swift */,
				A20000010000000000000068 /* AgentInstallService.swift */,
				A20000010000000000000076 /* AgentConfirmedAction.swift */,
				A50000010000000000000014 /* Providers */,
				A20000010000000000000041 /* BackupICloudService.swift */,
				A20000010000000000000042 /* BackupICloudSettings.swift */,
				A20000010000000000000043 /* BackupNetworkPolicy.swift */,
				A20000010000000000000018 /* PushNotificationService.swift */,
				A20000010000000000000019 /* WidgetSummaryStore.swift */,
				A20000010000000000000024 /* BiometricGate.swift */,
				A20000010000000000000025 /* LiveActivityManager.swift */,
			);
			path = Services;
			sourceTree = "<group>";
		};
		A50000010000000000000007 /* Views */ = {
			isa = PBXGroup;
			children = (
				A20000010000000000000007 /* RootView.swift */,
				A20000010000000000000008 /* LoginView.swift */,
				A20000010000000000000027 /* AppLockView.swift */,
				A20000010000000000000029 /* ServerSwitcherView.swift */,
				A20000010000000000000054 /* SettingsView.swift */,
				A50000010000000000000009 /* Domains */,
				A50000010000000000000010 /* Admin */,
				A50000010000000000000011 /* Terminal */,
				A50000010000000000000015 /* Servers */,
			);
			path = Views;
			sourceTree = "<group>";
		};
		A50000010000000000000015 /* Servers */ = {
			isa = PBXGroup;
			children = (
				A20000010000000000000062 /* ServerBadgeView.swift */,
				A20000010000000000000063 /* AddServerChoiceView.swift */,
				A20000010000000000000064 /* AgentServerPlaceholderView.swift */,
				A20000010000000000000069 /* LinuxServerOnboardingView.swift */,
				A20000010000000000000070 /* AgentServerDashboardView.swift */,
				A20000010000000000000073 /* AgentServicesView.swift */,
				A20000010000000000000074 /* AgentDockerView.swift */,
				A20000010000000000000075 /* AgentLogsView.swift */,
				A20000010000000000000077 /* AgentServerControlView.swift */,
			);
			path = Servers;
			sourceTree = "<group>";
		};
		A50000010000000000000008 /* Utilities */ = {
			isa = PBXGroup;
			children = (
				A20000010000000000000015 /* Theme.swift */,
				A20000010000000000000030 /* MailReplyHelpers.swift */,
			);
			path = Utilities;
			sourceTree = "<group>";
		};
		A50000010000000000000009 /* Domains */ = {
			isa = PBXGroup;
			children = (
				A20000010000000000000009 /* DomainListView.swift */,
				A20000010000000000000010 /* DomainDetailView.swift */,
				A20000010000000000000011 /* DnsRecordsView.swift */,
				A20000010000000000000012 /* MailAccountsView.swift */,
				A20000010000000000000049 /* AddMailAccountView.swift */,
				A20000010000000000000051 /* AliasesView.swift */,
				A20000010000000000000052 /* RedirectsView.swift */,
				A20000010000000000000055 /* CronJobsView.swift */,
				A20000010000000000000050 /* DatabasesView.swift */,
				A20000010000000000000056 /* FtpAccountsView.swift */,
				A20000010000000000000013 /* SslCertificatesView.swift */,
				A20000010000000000000014 /* BackupsView.swift */,
				A20000010000000000000020 /* FilesBrowserView.swift */,
				A20000010000000000000021 /* QmailView.swift */,
				A20000010000000000000031 /* QmailViewModel.swift */,
				A20000010000000000000032 /* QmailComponents.swift */,
				A20000010000000000000023 /* WebsiteHealthView.swift */,
				A20000010000000000000026 /* LiveLogsView.swift */,
				A20000010000000000000035 /* AddDomainView.swift */,
				A20000010000000000000047 /* DomainAppsView.swift */,
			);
			path = Domains;
			sourceTree = "<group>";
		};
		A50000010000000000000010 /* Admin */ = {
			isa = PBXGroup;
			children = (
				A20000010000000000000036 /* PanelUpdatesView.swift */,
				A20000010000000000000048 /* AdminAppStoreView.swift */,
				A20000010000000000000053 /* AdminHealthView.swift */,
			);
			path = Admin;
			sourceTree = "<group>";
		};
		A50000010000000000000011 /* Terminal */ = {
			isa = PBXGroup;
			children = (
				A20000010000000000000037 /* DomainTerminalView.swift */,
				A20000010000000000000038 /* TerminalWebView.swift */,
				A20000010000000000000039 /* TermuxExtraKeysView.swift */,
			);
			path = Terminal;
			sourceTree = "<group>";
		};
		A50000010000000000000016 /* Agent */ = {
			isa = PBXGroup;
			children = (
				A20000010000000000000071 /* qadbak-agent-linux-amd64 */,
				A20000010000000000000072 /* qadbak-agent-linux-arm64 */,
			);
			path = Agent;
			sourceTree = "<group>";
		};
		A50000010000000000000012 /* Resources */ = {
			isa = PBXGroup;
			children = (
				A50000010000000000000013 /* terminal */,
				A50000010000000000000016 /* Agent */,
			);
			path = Resources;
			sourceTree = "<group>";
		};
		A50000010000000000000013 /* terminal */ = {
			isa = PBXGroup;
			children = (
				A20000010000000000000040 /* terminal.html */,
				A20000010000000000000044 /* xterm.min.js */,
				A20000010000000000000045 /* addon-fit.min.js */,
				A20000010000000000000046 /* xterm.css */,
			);
			path = terminal;
			sourceTree = "<group>";
		};
/* End PBXGroup section */

/* Begin PBXNativeTarget section */
		A60000010000000000000001 /* Qadbak */ = {
			isa = PBXNativeTarget;
			buildConfigurationList = A80000010000000000000003 /* Build configuration list for PBXNativeTarget "Qadbak" */;
			buildPhases = (
				A60000010000000000000002 /* Sources */,
				A40000010000000000000001 /* Frameworks */,
				A60000010000000000000003 /* Resources */,
				B50000010000000000000001 /* Embed Foundation Extensions */,
			);
			buildRules = (
			);
			dependencies = (
				B70000010000000000000001 /* PBXTargetDependency */,
			);
			name = Qadbak;
			packageProductDependencies = (
				C10000010000000000000002 /* Citadel */,
			);
			productName = Qadbak;
			productReference = A30000010000000000000001 /* Qadbak.app */;
			productType = "com.apple.product-type.application";
		};
		B60000010000000000000001 /* QadbakWidgetExtension */ = {
			isa = PBXNativeTarget;
			buildConfigurationList = B80000010000000000000003 /* Build configuration list for PBXNativeTarget "QadbakWidgetExtension" */;
			buildPhases = (
				B60000010000000000000002 /* Sources */,
				B60000010000000000000003 /* Frameworks */,
				B60000010000000000000004 /* Resources */,
			);
			buildRules = (
			);
			dependencies = (
			);
			name = QadbakWidgetExtension;
			productName = QadbakWidgetExtension;
			productReference = B30000010000000000000001 /* QadbakWidgetExtension.appex */;
			productType = "com.apple.product-type.app-extension";
		};
/* End PBXNativeTarget section */

/* Begin PBXProject section */
		A70000010000000000000001 /* Project object */ = {
			isa = PBXProject;
			attributes = {
				BuildIndependentTargetsInParallel = 1;
				LastSwiftUpdateCheck = 1600;
				LastUpgradeCheck = 1600;
				TargetAttributes = {
					A60000010000000000000001 = {
						CreatedOnToolsVersion = 16.0;
					};
				};
			};
			buildConfigurationList = A80000010000000000000001 /* Build configuration list for PBXProject "Qadbak" */;
			compatibilityVersion = "Xcode 14.0";
			developmentRegion = en;
			hasScannedForEncodings = 0;
			knownRegions = (
				en,
				Base,
			);
			mainGroup = A50000010000000000000001;
			packageReferences = (
				C10000010000000000000001 /* XCRemoteSwiftPackageReference "Citadel" */,
			);
			productRefGroup = A50000010000000000000003 /* Products */;
			projectDirPath = "";
			projectRoot = "";
			targets = (
				A60000010000000000000001 /* Qadbak */,
				B60000010000000000000001 /* QadbakWidgetExtension */,
			);
		};
/* End PBXProject section */

/* Begin PBXResourcesBuildPhase section */
		A60000010000000000000003 /* Resources */ = {
			isa = PBXResourcesBuildPhase;
			buildActionMask = 2147483647;
			files = (
				A10000010000000000000016 /* Assets.xcassets in Resources */,
				A10000010000000000000034 /* PrivacyInfo.xcprivacy in Resources */,
				A10000010000000000000040 /* terminal.html in Resources */,
				A10000010000000000000044 /* xterm.min.js in Resources */,
				A10000010000000000000045 /* addon-fit.min.js in Resources */,
				A10000010000000000000046 /* xterm.css in Resources */,
				A10000010000000000000071 /* qadbak-agent-linux-amd64 in Resources */,
				A10000010000000000000072 /* qadbak-agent-linux-arm64 in Resources */,
			);
			runOnlyForDeploymentPostprocessing = 0;
		};
/* End PBXResourcesBuildPhase section */

/* Begin PBXSourcesBuildPhase section */
		B60000010000000000000002 /* Sources */ = {
			isa = PBXSourcesBuildPhase;
			buildActionMask = 2147483647;
			files = (
				B10000010000000000000001 /* QadbakWidget.swift in Sources */,
				B10000010000000000000004 /* QadbakLiveActivity.swift in Sources */,
				B10000010000000000000002 /* QadbakWidgetBundle.swift in Sources */,
			);
			runOnlyForDeploymentPostprocessing = 0;
		};
		B60000010000000000000003 /* Frameworks */ = {
			isa = PBXFrameworksBuildPhase;
			buildActionMask = 2147483647;
			files = (
			);
			runOnlyForDeploymentPostprocessing = 0;
		};
		B60000010000000000000004 /* Resources */ = {
			isa = PBXResourcesBuildPhase;
			buildActionMask = 2147483647;
			files = (
				B10000010000000000000005 /* PrivacyInfo.xcprivacy in Resources */,
			);
			runOnlyForDeploymentPostprocessing = 0;
		};
/* End PBXFrameworksBuildPhase section */

/* Begin PBXSourcesBuildPhase section */
		A60000010000000000000002 /* Sources */ = {
			isa = PBXSourcesBuildPhase;
			buildActionMask = 2147483647;
			files = (
				A10000010000000000000001 /* QadbakApp.swift in Sources */,
				A10000010000000000000002 /* AppState.swift in Sources */,
				A10000010000000000000003 /* APIModels.swift in Sources */,
				A10000010000000000000004 /* KeychainStore.swift in Sources */,
				A10000010000000000000005 /* APIClient.swift in Sources */,
				A10000010000000000000006 /* QadbakAPI.swift in Sources */,
				A10000010000000000000041 /* BackupICloudService.swift in Sources */,
				A10000010000000000000042 /* BackupICloudSettings.swift in Sources */,
				A10000010000000000000043 /* BackupNetworkPolicy.swift in Sources */,
				A10000010000000000000007 /* RootView.swift in Sources */,
				A10000010000000000000008 /* LoginView.swift in Sources */,
				A10000010000000000000009 /* DomainListView.swift in Sources */,
				A10000010000000000000010 /* DomainDetailView.swift in Sources */,
				A10000010000000000000011 /* DnsRecordsView.swift in Sources */,
				A10000010000000000000012 /* MailAccountsView.swift in Sources */,
				A10000010000000000000013 /* SslCertificatesView.swift in Sources */,
				A10000010000000000000014 /* BackupsView.swift in Sources */,
				A10000010000000000000015 /* Theme.swift in Sources */,
				A10000010000000000000017 /* PushNotificationService.swift in Sources */,
				A10000010000000000000018 /* WidgetSummaryStore.swift in Sources */,
				A10000010000000000000019 /* FilesBrowserView.swift in Sources */,
				A10000010000000000000020 /* QmailView.swift in Sources */,
				A10000010000000000000029 /* QmailViewModel.swift in Sources */,
				A10000010000000000000030 /* QmailComponents.swift in Sources */,
				A10000010000000000000021 /* WebsiteHealthView.swift in Sources */,
				A10000010000000000000022 /* BiometricGate.swift in Sources */,
				A10000010000000000000023 /* LiveActivityManager.swift in Sources */,
				A10000010000000000000024 /* LiveLogsView.swift in Sources */,
				A10000010000000000000025 /* AppLockView.swift in Sources */,
				A10000010000000000000026 /* ManagedServer.swift in Sources */,
				A10000010000000000000027 /* ServerSwitcherView.swift in Sources */,
				A10000010000000000000028 /* MailReplyHelpers.swift in Sources */,
				A10000010000000000000035 /* AddDomainView.swift in Sources */,
				A10000010000000000000036 /* PanelUpdatesView.swift in Sources */,
				A10000010000000000000037 /* DomainTerminalView.swift in Sources */,
				A10000010000000000000038 /* TerminalWebView.swift in Sources */,
				A10000010000000000000039 /* TermuxExtraKeysView.swift in Sources */,
				A10000010000000000000047 /* DomainAppsView.swift in Sources */,
				A10000010000000000000048 /* AdminAppStoreView.swift in Sources */,
				A10000010000000000000049 /* AddMailAccountView.swift in Sources */,
				A10000010000000000000050 /* DatabasesView.swift in Sources */,
				A10000010000000000000051 /* AliasesView.swift in Sources */,
				A10000010000000000000052 /* RedirectsView.swift in Sources */,
				A10000010000000000000053 /* AdminHealthView.swift in Sources */,
				A10000010000000000000054 /* SettingsView.swift in Sources */,
				A10000010000000000000055 /* CronJobsView.swift in Sources */,
				A10000010000000000000056 /* FtpAccountsView.swift in Sources */,
				A10000010000000000000057 /* ServerManagementModels.swift in Sources */,
				A10000010000000000000058 /* ServerManagementProvider.swift in Sources */,
				A10000010000000000000059 /* QadbakPanelProvider.swift in Sources */,
				A10000010000000000000060 /* QadbakAgentProvider.swift in Sources */,
				A10000010000000000000061 /* ServerProviderFactory.swift in Sources */,
				A10000010000000000000062 /* ServerBadgeView.swift in Sources */,
				A10000010000000000000063 /* AddServerChoiceView.swift in Sources */,
				A10000010000000000000064 /* AgentServerPlaceholderView.swift in Sources */,
				A10000010000000000000065 /* AgentAPIModels.swift in Sources */,
				A10000010000000000000066 /* AgentAPIClient.swift in Sources */,
				A10000010000000000000067 /* SSHSessionService.swift in Sources */,
				A10000010000000000000068 /* AgentInstallService.swift in Sources */,
				A10000010000000000000069 /* LinuxServerOnboardingView.swift in Sources */,
				A10000010000000000000070 /* AgentServerDashboardView.swift in Sources */,
				A10000010000000000000073 /* AgentServicesView.swift in Sources */,
				A10000010000000000000074 /* AgentDockerView.swift in Sources */,
				A10000010000000000000075 /* AgentLogsView.swift in Sources */,
				A10000010000000000000076 /* AgentConfirmedAction.swift in Sources */,
				A10000010000000000000077 /* AgentServerControlView.swift in Sources */,
			);
			runOnlyForDeploymentPostprocessing = 0;
		};
/* End PBXSourcesBuildPhase section */

/* Begin PBXTargetDependency section */
		B70000010000000000000001 /* PBXTargetDependency */ = {
			isa = PBXTargetDependency;
			target = B60000010000000000000001 /* QadbakWidgetExtension */;
			targetProxy = B40000010000000000000001 /* PBXContainerItemProxy */;
		};
/* End PBXTargetDependency section */

/* Begin XCBuildConfiguration section */
		A90000010000000000000001 /* Debug */ = {
			isa = XCBuildConfiguration;
			buildSettings = {
				ALWAYS_SEARCH_USER_PATHS = NO;
				CLANG_ENABLE_MODULES = YES;
				CLANG_ENABLE_OBJC_ARC = YES;
				COPY_PHASE_STRIP = NO;
				DEBUG_INFORMATION_FORMAT = dwarf;
				ENABLE_STRICT_OBJC_MSGSEND = YES;
				ENABLE_TESTABILITY = YES;
				GCC_DYNAMIC_NO_PIC = NO;
				GCC_OPTIMIZATION_LEVEL = 0;
				GCC_PREPROCESSOR_DEFINITIONS = (
					"DEBUG=1",
					"$(inherited)",
				);
				IPHONEOS_DEPLOYMENT_TARGET = 17.0;
				MTL_ENABLE_DEBUG_INFO = INCLUDE_SOURCE;
				ONLY_ACTIVE_ARCH = YES;
				SDKROOT = iphoneos;
				SWIFT_ACTIVE_COMPILATION_CONDITIONS = DEBUG;
				SWIFT_OPTIMIZATION_LEVEL = "-Onone";
			};
			name = Debug;
		};
		A90000010000000000000002 /* Release */ = {
			isa = XCBuildConfiguration;
			buildSettings = {
				ALWAYS_SEARCH_USER_PATHS = NO;
				CLANG_ENABLE_MODULES = YES;
				CLANG_ENABLE_OBJC_ARC = YES;
				COPY_PHASE_STRIP = NO;
				DEBUG_INFORMATION_FORMAT = "dwarf-with-dsym";
				ENABLE_NS_ASSERTIONS = NO;
				ENABLE_STRICT_OBJC_MSGSEND = YES;
				IPHONEOS_DEPLOYMENT_TARGET = 17.0;
				MTL_ENABLE_DEBUG_INFO = NO;
				SDKROOT = iphoneos;
				SWIFT_COMPILATION_MODE = wholemodule;
				VALIDATE_PRODUCT = YES;
			};
			name = Release;
		};
		A90000010000000000000003 /* Debug */ = {
			isa = XCBuildConfiguration;
			buildSettings = {
				ASSETCATALOG_COMPILER_APPICON_NAME = AppIcon;
				ASSETCATALOG_COMPILER_GLOBAL_ACCENT_COLOR_NAME = AccentColor;
				CODE_SIGN_ENTITLEMENTS = Qadbak/Qadbak.entitlements;
				CODE_SIGN_STYLE = Automatic;
				CURRENT_PROJECT_VERSION = 3;
				DEVELOPMENT_TEAM = "";
				ENABLE_PREVIEWS = YES;
				GENERATE_INFOPLIST_FILE = NO;
				INFOPLIST_FILE = Qadbak/Info.plist;
				INFOPLIST_KEY_UIApplicationSupportsIndirectInputEvents = YES;
				LD_RUNPATH_SEARCH_PATHS = (
					"$(inherited)",
					"@executable_path/Frameworks",
				);
				MARKETING_VERSION = 1.1.5;
				PRODUCT_BUNDLE_IDENTIFIER = com.qadbak.panel;
				PRODUCT_NAME = "$(TARGET_NAME)";
				SUPPORTED_PLATFORMS = "iphoneos iphonesimulator";
				SUPPORTS_MACCATALYST = NO;
				SWIFT_EMIT_LOC_STRINGS = YES;
				SWIFT_VERSION = 5.0;
				TARGETED_DEVICE_FAMILY = "1,2";
			};
			name = Debug;
		};
		A90000010000000000000004 /* Release */ = {
			isa = XCBuildConfiguration;
			buildSettings = {
				ASSETCATALOG_COMPILER_APPICON_NAME = AppIcon;
				ASSETCATALOG_COMPILER_GLOBAL_ACCENT_COLOR_NAME = AccentColor;
				CODE_SIGN_ENTITLEMENTS = Qadbak/Qadbak.entitlements;
				CODE_SIGN_STYLE = Automatic;
				CURRENT_PROJECT_VERSION = 3;
				DEVELOPMENT_TEAM = "";
				ENABLE_PREVIEWS = YES;
				GENERATE_INFOPLIST_FILE = NO;
				INFOPLIST_FILE = Qadbak/Info.plist;
				INFOPLIST_KEY_UIApplicationSupportsIndirectInputEvents = YES;
				LD_RUNPATH_SEARCH_PATHS = (
					"$(inherited)",
					"@executable_path/Frameworks",
				);
				MARKETING_VERSION = 1.1.5;
				PRODUCT_BUNDLE_IDENTIFIER = com.qadbak.panel;
				PRODUCT_NAME = "$(TARGET_NAME)";
				SUPPORTED_PLATFORMS = "iphoneos iphonesimulator";
				SUPPORTS_MACCATALYST = NO;
				SWIFT_EMIT_LOC_STRINGS = YES;
				SWIFT_VERSION = 5.0;
				TARGETED_DEVICE_FAMILY = "1,2";
			};
			name = Release;
		};
		B90000010000000000000003 /* Debug */ = {
			isa = XCBuildConfiguration;
			buildSettings = {
				CODE_SIGN_ENTITLEMENTS = QadbakWidget/QadbakWidget.entitlements;
				CODE_SIGN_STYLE = Automatic;
				CURRENT_PROJECT_VERSION = 3;
				DEVELOPMENT_TEAM = "";
				GENERATE_INFOPLIST_FILE = NO;
				INFOPLIST_FILE = QadbakWidget/Info.plist;
				IPHONEOS_DEPLOYMENT_TARGET = 17.0;
				LD_RUNPATH_SEARCH_PATHS = (
					"$(inherited)",
					"@executable_path/Frameworks",
					"@executable_path/../../Frameworks",
				);
				MARKETING_VERSION = 1.1.5;
				PRODUCT_BUNDLE_IDENTIFIER = com.qadbak.panel.widget;
				PRODUCT_NAME = "$(TARGET_NAME)";
				SKIP_INSTALL = YES;
				SWIFT_EMIT_LOC_STRINGS = YES;
				SWIFT_VERSION = 5.0;
				TARGETED_DEVICE_FAMILY = "1,2";
			};
			name = Debug;
		};
		B90000010000000000000004 /* Release */ = {
			isa = XCBuildConfiguration;
			buildSettings = {
				CODE_SIGN_ENTITLEMENTS = QadbakWidget/QadbakWidget.entitlements;
				CODE_SIGN_STYLE = Automatic;
				CURRENT_PROJECT_VERSION = 3;
				DEVELOPMENT_TEAM = "";
				GENERATE_INFOPLIST_FILE = NO;
				INFOPLIST_FILE = QadbakWidget/Info.plist;
				IPHONEOS_DEPLOYMENT_TARGET = 17.0;
				LD_RUNPATH_SEARCH_PATHS = (
					"$(inherited)",
					"@executable_path/Frameworks",
					"@executable_path/../../Frameworks",
				);
				MARKETING_VERSION = 1.1.5;
				PRODUCT_BUNDLE_IDENTIFIER = com.qadbak.panel.widget;
				PRODUCT_NAME = "$(TARGET_NAME)";
				SKIP_INSTALL = YES;
				SWIFT_EMIT_LOC_STRINGS = YES;
				SWIFT_VERSION = 5.0;
				TARGETED_DEVICE_FAMILY = "1,2";
			};
			name = Release;
		};
/* End XCBuildConfiguration section */

/* Begin XCConfigurationList section */
		A80000010000000000000001 /* Build configuration list for PBXProject "Qadbak" */ = {
			isa = XCConfigurationList;
			buildConfigurations = (
				A90000010000000000000001 /* Debug */,
				A90000010000000000000002 /* Release */,
			);
			defaultConfigurationIsVisible = 0;
			defaultConfigurationName = Release;
		};
		A80000010000000000000003 /* Build configuration list for PBXNativeTarget "Qadbak" */ = {
			isa = XCConfigurationList;
			buildConfigurations = (
				A90000010000000000000003 /* Debug */,
				A90000010000000000000004 /* Release */,
			);
			defaultConfigurationIsVisible = 0;
			defaultConfigurationName = Release;
		};
		B80000010000000000000003 /* Build configuration list for PBXNativeTarget "QadbakWidgetExtension" */ = {
			isa = XCConfigurationList;
			buildConfigurations = (
				B90000010000000000000003 /* Debug */,
				B90000010000000000000004 /* Release */,
			);
			defaultConfigurationIsVisible = 0;
			defaultConfigurationName = Release;
		};
/* End XCConfigurationList section */

/* Begin XCRemoteSwiftPackageReference section */
		C10000010000000000000001 /* XCRemoteSwiftPackageReference "Citadel" */ = {
			isa = XCRemoteSwiftPackageReference;
			repositoryURL = "https://github.com/orlandos-nl/Citadel";
			requirement = {
				kind = upToNextMajorVersion;
				minimumVersion = 0.12.0;
			};
		};
/* End XCRemoteSwiftPackageReference section */

/* Begin XCSwiftPackageProductDependency section */
		C10000010000000000000002 /* Citadel */ = {
			isa = XCSwiftPackageProductDependency;
			package = C10000010000000000000001 /* XCRemoteSwiftPackageReference "Citadel" */;
			productName = Citadel;
		};
/* End XCSwiftPackageProductDependency section */
	};
	rootObject = A70000010000000000000001 /* Project object */;
}
